
Microsoft Visual Studio Solution File, Format Version 12.00
# Visual Studio Version 17
VisualStudioVersion = 17.3.32819.101
MinimumVisualStudioVersion = 10.0.40219.1
Project("{FAE04EC0-301F-11D3-BF4B-00C04F79EFBC}") = "655332_VuongVanKhai_BTL_Net_QuanLyCuaHangHoaQua", "655332_VuongVanKhai_BTL_Net_QuanLyCuaHangHoaQua\655332_VuongVanKhai_BTL_Net_QuanLyCuaHangHoaQua.csproj", "{CE441178-F6BF-417D-9517-0710B9E58C6A}"
EndProject
Global
	GlobalSection(SolutionConfigurationPlatforms) = preSolution
		Debug|Any CPU = Debug|Any CPU
		Release|Any CPU = Release|Any CPU
	EndGlobalSection
	GlobalSection(ProjectConfigurationPlatforms) = postSolution
		{CE441178-F6BF-417D-9517-0710B9E58C6A}.Debug|Any CPU.ActiveCfg = Debug|Any CPU
		{CE441178-F6BF-417D-9517-0710B9E58C6A}.Debug|Any CPU.Build.0 = Debug|Any CPU
		{CE441178-F6BF-417D-9517-0710B9E58C6A}.Release|Any CPU.ActiveCfg = Release|Any CPU
		{CE441178-F6BF-417D-9517-0710B9E58C6A}.Release|Any CPU.Build.0 = Release|Any CPU
	EndGlobalSection
	GlobalSection(SolutionProperties) = preSolution
		HideSolutionNode = FALSE
	EndGlobalSection
	GlobalSection(ExtensibilityGlobals) = postSolution
		SolutionGuid = {44B05EFE-ADC3-472B-A0BB-2E80944D87B1}
	EndGlobalSection
EndGlobal
